
Microsoft Visual Studio Solution File, Format Version 12.00
# Visual Studio Version 17
VisualStudioVersion = 17.0.31903.59
MinimumVisualStudioVersion = 10.0.40219.1
Project("{FAE04EC0-301F-11D3-BF4B-00C04F79EFBC}") = "QuranCenterApp", "QuranCenterApp\QuranCenterApp.csproj", "{2BE67CAC-0E5D-41CF-B5CD-C546C8206D6A}"
EndProject
Project("{2150E333-8FDC-42A3-9474-1A3956D46DE8}") = "Database", "Database", "{A1B2C3D4-E5F6-7890-ABCD-EF1234567890}"
	ProjectSection(SolutionItems) = preProject
		Database\QuranCenter.sql = Database\QuranCenter.sql
	EndProjectSection
EndProject
Global
	GlobalSection(SolutionConfigurationPlatforms) = preSolution
		Debug|Any CPU = Debug|Any CPU
		Debug|x64 = Debug|x64
		Debug|x86 = Debug|x86
		Release|Any CPU = Release|Any CPU
		Release|x64 = Release|x64
		Release|x86 = Release|x86
	EndGlobalSection
	GlobalSection(ProjectConfigurationPlatforms) = postSolution
		{2BE67CAC-0E5D-41CF-B5CD-C546C8206D6A}.Debug|Any CPU.ActiveCfg = Debug|Any CPU
		{2BE67CAC-0E5D-41CF-B5CD-C546C8206D6A}.Debug|Any CPU.Build.0 = Debug|Any CPU
		{2BE67CAC-0E5D-41CF-B5CD-C546C8206D6A}.Debug|x64.ActiveCfg = Debug|Any CPU
		{2BE67CAC-0E5D-41CF-B5CD-C546C8206D6A}.Debug|x64.Build.0 = Debug|Any CPU
		{2BE67CAC-0E5D-41CF-B5CD-C546C8206D6A}.Debug|x86.ActiveCfg = Debug|Any CPU
		{2BE67CAC-0E5D-41CF-B5CD-C546C8206D6A}.Debug|x86.Build.0 = Debug|Any CPU
		{2BE67CAC-0E5D-41CF-B5CD-C546C8206D6A}.Release|Any CPU.ActiveCfg = Release|Any CPU
		{2BE67CAC-0E5D-41CF-B5CD-C546C8206D6A}.Release|Any CPU.Build.0 = Release|Any CPU
		{2BE67CAC-0E5D-41CF-B5CD-C546C8206D6A}.Release|x64.ActiveCfg = Release|Any CPU
		{2BE67CAC-0E5D-41CF-B5CD-C546C8206D6A}.Release|x64.Build.0 = Release|Any CPU
		{2BE67CAC-0E5D-41CF-B5CD-C546C8206D6A}.Release|x86.ActiveCfg = Release|Any CPU
		{2BE67CAC-0E5D-41CF-B5CD-C546C8206D6A}.Release|x86.Build.0 = Release|Any CPU
	EndGlobalSection
	GlobalSection(SolutionProperties) = preSolution
		HideSolutionNode = FALSE
	EndGlobalSection
EndGlobal
